
Microsoft Visual Studio Solution File, Format Version 12.00
# Visual Studio Version 17
VisualStudioVersion = 17.5.002.0
MinimumVisualStudioVersion = 10.0.40219.1
Project("{9A19103F-16F7-4668-BE54-9A1E7A4F7556}") = "cproject", "cproject.csproj", "{854F8561-FC67-4222-AA72-F88491D4B351}"
EndProject
Global
	GlobalSection(SolutionConfigurationPlatforms) = preSolution
		Debug|Any CPU = Debug|Any CPU
		Release|Any CPU = Release|Any CPU
	EndGlobalSection
	GlobalSection(ProjectConfigurationPlatforms) = postSolution
		{854F8561-FC67-4222-AA72-F88491D4B351}.Debug|Any CPU.ActiveCfg = Debug|Any CPU
		{854F8561-FC67-4222-AA72-F88491D4B351}.Debug|Any CPU.Build.0 = Debug|Any CPU
		{854F8561-FC67-4222-AA72-F88491D4B351}.Release|Any CPU.ActiveCfg = Release|Any CPU
		{854F8561-FC67-4222-AA72-F88491D4B351}.Release|Any CPU.Build.0 = Release|Any CPU
	EndGlobalSection
	GlobalSection(SolutionProperties) = preSolution
		HideSolutionNode = FALSE
	EndGlobalSection
	GlobalSection(ExtensibilityGlobals) = postSolution
		SolutionGuid = {D0D490A1-21C9-41EF-BA34-17432093243E}
	EndGlobalSection
EndGlobal
